{
  "name": "relay-dexie",
  "version": "1.0.0",
  "lockfileVersion": 3,
  "requires": true,
  "packages": {
    "": {
      "name": "relay-dexie",
      "version": "1.0.0",
      "license": "ISC",
      "dependencies": {
        "dexie": "^4.0.11",
        "dexie-export-import": "^4.1.4"
      }
    },
    "node_modules/dexie": {
      "version": "4.0.11",
      "resolved": "https://registry.npmjs.org/dexie/-/dexie-4.0.11.tgz",
      "integrity": "sha512-SOKO002EqlvBYYKQSew3iymBoN2EQ4BDw/3yprjh7kAfFzjBYkaMNa/pZvcA7HSWlcKSQb9XhPe3wKyQ0x4A8A==",
      "license": "Apache-2.0"
    },
    "node_modules/dexie-export-import": {
      "version": "4.1.4",
      "resolved": "https://registry.npmjs.org/dexie-export-import/-/dexie-export-import-4.1.4.tgz",
      "integrity": "sha512-3bw171qUuOTWSYLXI7C/0M6p1X65Rho3tu1IvD9By8jn0+3t3dLSkDlZ1BC6MbABl3kRlhtGigzC+SF+qcS5Og==",
      "license": "Apache-2.0",
      "peerDependencies": {
        "dexie": "^2.0.4 || ^3.0.0 || ^4.0.1"
      }
    }
  }
}
